
Microsoft Visual Studio Solution File, Format Version 12.00
# Visual Studio Version 17
VisualStudioVersion = 17.5.33424.131
MinimumVisualStudioVersion = 10.0.40219.1
Project("{9A19103F-16F7-4668-BE54-9A1E7A4F7556}") = "BFPriceScraper", "BFPriceScraper\BFPriceScraper.csproj", "{F7ABD710-49B1-49BC-ADD9-0497ECA31497}"
EndProject
Project("{FAE04EC0-301F-11D3-BF4B-00C04F79EFBC}") = "SeleniumTestProject", "SeleniumTestProject\SeleniumTestProject.csproj", "{4A1F715C-F614-4DB6-86BD-FB64C285EDFD}"
EndProject
Global
	GlobalSection(SolutionConfigurationPlatforms) = preSolution
		Debug|Any CPU = Debug|Any CPU
		Release|Any CPU = Release|Any CPU
	EndGlobalSection
	GlobalSection(ProjectConfigurationPlatforms) = postSolution
		{F7ABD710-49B1-49BC-ADD9-0497ECA31497}.Debug|Any CPU.ActiveCfg = Debug|Any CPU
		{F7ABD710-49B1-49BC-ADD9-0497ECA31497}.Debug|Any CPU.Build.0 = Debug|Any CPU
		{F7ABD710-49B1-49BC-ADD9-0497ECA31497}.Release|Any CPU.ActiveCfg = Release|Any CPU
		{F7ABD710-49B1-49BC-ADD9-0497ECA31497}.Release|Any CPU.Build.0 = Release|Any CPU
		{4A1F715C-F614-4DB6-86BD-FB64C285EDFD}.Debug|Any CPU.ActiveCfg = Debug|Any CPU
		{4A1F715C-F614-4DB6-86BD-FB64C285EDFD}.Debug|Any CPU.Build.0 = Debug|Any CPU
		{4A1F715C-F614-4DB6-86BD-FB64C285EDFD}.Release|Any CPU.ActiveCfg = Release|Any CPU
		{4A1F715C-F614-4DB6-86BD-FB64C285EDFD}.Release|Any CPU.Build.0 = Release|Any CPU
	EndGlobalSection
	GlobalSection(SolutionProperties) = preSolution
		HideSolutionNode = FALSE
	EndGlobalSection
	GlobalSection(ExtensibilityGlobals) = postSolution
		SolutionGuid = {4183BBD3-5203-4DFB-AEEF-E57A05A1F1DE}
	EndGlobalSection
EndGlobal
